
Microsoft Visual Studio Solution File, Format Version 12.00
# Visual Studio Version 17
VisualStudioVersion = 17.10.35013.160
MinimumVisualStudioVersion = 10.0.40219.1
Project("{9A19103F-16F7-4668-BE54-9A1E7A4F7556}") = "task_9", "practice\task_9.csproj", "{A61F95F6-D326-45DE-95D2-6136F8857345}"
EndProject
Project("{9A19103F-16F7-4668-BE54-9A1E7A4F7556}") = "taskk_10", "task_10\taskk_10.csproj", "{57BA2619-B357-4F5E-88B4-EAC457B8FCB6}"
EndProject
Project("{9A19103F-16F7-4668-BE54-9A1E7A4F7556}") = "task_1", "task_1\task_1.csproj", "{DB3EDDDC-AB48-45EE-BB00-828FA148F93A}"
EndProject
Project("{9A19103F-16F7-4668-BE54-9A1E7A4F7556}") = "task_2", "task_2\task_2.csproj", "{3CDC1A92-4F2E-476F-9ED8-52564AEC0136}"
EndProject
Project("{9A19103F-16F7-4668-BE54-9A1E7A4F7556}") = "task_3", "task_3\task_3.csproj", "{7720EB3A-50A4-4422-B32F-1072ACE474C3}"
EndProject
Project("{9A19103F-16F7-4668-BE54-9A1E7A4F7556}") = "task_4", "task_4\task_4.csproj", "{3ACCBCFA-828E-4640-8CA6-7E1FB89CAA07}"
EndProject
Project("{9A19103F-16F7-4668-BE54-9A1E7A4F7556}") = "task_5", "task_5\task_5.csproj", "{2BAC23C0-488C-42D3-B552-2CC29C7F2DA6}"
EndProject
Project("{9A19103F-16F7-4668-BE54-9A1E7A4F7556}") = "task_6", "task_6\task_6.csproj", "{6446FF2A-7E76-4810-AD56-B81E6B2B40ED}"
EndProject
Project("{9A19103F-16F7-4668-BE54-9A1E7A4F7556}") = "task_7", "task_7\task_7.csproj", "{767CAC9E-1E52-4703-93CB-F66AA36DDB03}"
EndProject
Project("{9A19103F-16F7-4668-BE54-9A1E7A4F7556}") = "task_8", "task_8\task_8.csproj", "{975553A8-3753-4559-A50A-E1A34F93C210}"
EndProject
Project("{9A19103F-16F7-4668-BE54-9A1E7A4F7556}") = "rew", "rew\rew.csproj", "{E26E458C-7CF6-41FE-BACA-7C46FA5A0541}"
EndProject
Project("{9A19103F-16F7-4668-BE54-9A1E7A4F7556}") = "taskk_11", "taskk_11\taskk_11.csproj", "{489D0E4B-F7C1-467B-B750-50A41530A64D}"
EndProject
Project("{9A19103F-16F7-4668-BE54-9A1E7A4F7556}") = "taskk_12", "taskk_12\taskk_12.csproj", "{466AE353-82F8-458F-B501-A93FDCCF2F02}"
EndProject
Project("{9A19103F-16F7-4668-BE54-9A1E7A4F7556}") = "taskk_13", "taskk_13\taskk_13.csproj", "{2428582E-605E-4D65-9A76-4BCB2BC96624}"
EndProject
Project("{9A19103F-16F7-4668-BE54-9A1E7A4F7556}") = "taskk_14", "taskk_14\taskk_14.csproj", "{36F1A869-4585-4B1B-A96D-0623AED3255F}"
EndProject
Project("{9A19103F-16F7-4668-BE54-9A1E7A4F7556}") = "taskk_15", "taskk_15\taskk_15.csproj", "{44F97D3C-2E3F-4085-A076-1AB30645BB91}"
EndProject
Project("{9A19103F-16F7-4668-BE54-9A1E7A4F7556}") = "taskk_16", "taskk_16\taskk_16.csproj", "{A247C99A-B5F7-4691-A9B9-D7DD1EA35CD0}"
EndProject
Project("{FAE04EC0-301F-11D3-BF4B-00C04F79EFBC}") = "taskk_17", "taskk_17\taskk_17.csproj", "{7936CBE0-702B-4F75-8DCA-F0EEB56C9200}"
EndProject
Project("{FAE04EC0-301F-11D3-BF4B-00C04F79EFBC}") = "taskk_18", "taskk_18\taskk_18.csproj", "{0C03D368-BA9C-4925-8E8C-E1D2A32F0BA6}"
EndProject
Project("{FAE04EC0-301F-11D3-BF4B-00C04F79EFBC}") = "taskk_19", "taskk_19\taskk_19.csproj", "{CE0D5181-7A24-4019-92B6-0BEE1511858D}"
EndProject
Global
	GlobalSection(SolutionConfigurationPlatforms) = preSolution
		Debug|Any CPU = Debug|Any CPU
		Release|Any CPU = Release|Any CPU
	EndGlobalSection
	GlobalSection(ProjectConfigurationPlatforms) = postSolution
		{A61F95F6-D326-45DE-95D2-6136F8857345}.Debug|Any CPU.ActiveCfg = Debug|Any CPU
		{A61F95F6-D326-45DE-95D2-6136F8857345}.Debug|Any CPU.Build.0 = Debug|Any CPU
		{A61F95F6-D326-45DE-95D2-6136F8857345}.Release|Any CPU.ActiveCfg = Release|Any CPU
		{A61F95F6-D326-45DE-95D2-6136F8857345}.Release|Any CPU.Build.0 = Release|Any CPU
		{57BA2619-B357-4F5E-88B4-EAC457B8FCB6}.Debug|Any CPU.ActiveCfg = Debug|Any CPU
		{57BA2619-B357-4F5E-88B4-EAC457B8FCB6}.Debug|Any CPU.Build.0 = Debug|Any CPU
		{57BA2619-B357-4F5E-88B4-EAC457B8FCB6}.Release|Any CPU.ActiveCfg = Release|Any CPU
		{57BA2619-B357-4F5E-88B4-EAC457B8FCB6}.Release|Any CPU.Build.0 = Release|Any CPU
		{DB3EDDDC-AB48-45EE-BB00-828FA148F93A}.Debug|Any CPU.ActiveCfg = Debug|Any CPU
		{DB3EDDDC-AB48-45EE-BB00-828FA148F93A}.Debug|Any CPU.Build.0 = Debug|Any CPU
		{DB3EDDDC-AB48-45EE-BB00-828FA148F93A}.Release|Any CPU.ActiveCfg = Release|Any CPU
		{DB3EDDDC-AB48-45EE-BB00-828FA148F93A}.Release|Any CPU.Build.0 = Release|Any CPU
		{3CDC1A92-4F2E-476F-9ED8-52564AEC0136}.Debug|Any CPU.ActiveCfg = Debug|Any CPU
		{3CDC1A92-4F2E-476F-9ED8-52564AEC0136}.Debug|Any CPU.Build.0 = Debug|Any CPU
		{3CDC1A92-4F2E-476F-9ED8-52564AEC0136}.Release|Any CPU.ActiveCfg = Release|Any CPU
		{3CDC1A92-4F2E-476F-9ED8-52564AEC0136}.Release|Any CPU.Build.0 = Release|Any CPU
		{7720EB3A-50A4-4422-B32F-1072ACE474C3}.Debug|Any CPU.ActiveCfg = Debug|Any CPU
		{7720EB3A-50A4-4422-B32F-1072ACE474C3}.Debug|Any CPU.Build.0 = Debug|Any CPU
		{7720EB3A-50A4-4422-B32F-1072ACE474C3}.Release|Any CPU.ActiveCfg = Release|Any CPU
		{7720EB3A-50A4-4422-B32F-1072ACE474C3}.Release|Any CPU.Build.0 = Release|Any CPU
		{3ACCBCFA-828E-4640-8CA6-7E1FB89CAA07}.Debug|Any CPU.ActiveCfg = Debug|Any CPU
		{3ACCBCFA-828E-4640-8CA6-7E1FB89CAA07}.Debug|Any CPU.Build.0 = Debug|Any CPU
		{3ACCBCFA-828E-4640-8CA6-7E1FB89CAA07}.Release|Any CPU.ActiveCfg = Release|Any CPU
		{3ACCBCFA-828E-4640-8CA6-7E1FB89CAA07}.Release|Any CPU.Build.0 = Release|Any CPU
		{2BAC23C0-488C-42D3-B552-2CC29C7F2DA6}.Debug|Any CPU.ActiveCfg = Debug|Any CPU
		{2BAC23C0-488C-42D3-B552-2CC29C7F2DA6}.Debug|Any CPU.Build.0 = Debug|Any CPU
		{2BAC23C0-488C-42D3-B552-2CC29C7F2DA6}.Release|Any CPU.ActiveCfg = Release|Any CPU
		{2BAC23C0-488C-42D3-B552-2CC29C7F2DA6}.Release|Any CPU.Build.0 = Release|Any CPU
		{6446FF2A-7E76-4810-AD56-B81E6B2B40ED}.Debug|Any CPU.ActiveCfg = Debug|Any CPU
		{6446FF2A-7E76-4810-AD56-B81E6B2B40ED}.Debug|Any CPU.Build.0 = Debug|Any CPU
		{6446FF2A-7E76-4810-AD56-B81E6B2B40ED}.Release|Any CPU.ActiveCfg = Release|Any CPU
		{6446FF2A-7E76-4810-AD56-B81E6B2B40ED}.Release|Any CPU.Build.0 = Release|Any CPU
		{767CAC9E-1E52-4703-93CB-F66AA36DDB03}.Debug|Any CPU.ActiveCfg = Debug|Any CPU
		{767CAC9E-1E52-4703-93CB-F66AA36DDB03}.Debug|Any CPU.Build.0 = Debug|Any CPU
		{767CAC9E-1E52-4703-93CB-F66AA36DDB03}.Release|Any CPU.ActiveCfg = Release|Any CPU
		{767CAC9E-1E52-4703-93CB-F66AA36DDB03}.Release|Any CPU.Build.0 = Release|Any CPU
		{975553A8-3753-4559-A50A-E1A34F93C210}.Debug|Any CPU.ActiveCfg = Debug|Any CPU
		{975553A8-3753-4559-A50A-E1A34F93C210}.Debug|Any CPU.Build.0 = Debug|Any CPU
		{975553A8-3753-4559-A50A-E1A34F93C210}.Release|Any CPU.ActiveCfg = Release|Any CPU
		{975553A8-3753-4559-A50A-E1A34F93C210}.Release|Any CPU.Build.0 = Release|Any CPU
		{E26E458C-7CF6-41FE-BACA-7C46FA5A0541}.Debug|Any CPU.ActiveCfg = Debug|Any CPU
		{E26E458C-7CF6-41FE-BACA-7C46FA5A0541}.Debug|Any CPU.Build.0 = Debug|Any CPU
		{E26E458C-7CF6-41FE-BACA-7C46FA5A0541}.Release|Any CPU.ActiveCfg = Release|Any CPU
		{E26E458C-7CF6-41FE-BACA-7C46FA5A0541}.Release|Any CPU.Build.0 = Release|Any CPU
		{489D0E4B-F7C1-467B-B750-50A41530A64D}.Debug|Any CPU.ActiveCfg = Debug|Any CPU
		{489D0E4B-F7C1-467B-B750-50A41530A64D}.Debug|Any CPU.Build.0 = Debug|Any CPU
		{489D0E4B-F7C1-467B-B750-50A41530A64D}.Release|Any CPU.ActiveCfg = Release|Any CPU
		{489D0E4B-F7C1-467B-B750-50A41530A64D}.Release|Any CPU.Build.0 = Release|Any CPU
		{466AE353-82F8-458F-B501-A93FDCCF2F02}.Debug|Any CPU.ActiveCfg = Debug|Any CPU
		{466AE353-82F8-458F-B501-A93FDCCF2F02}.Debug|Any CPU.Build.0 = Debug|Any CPU
		{466AE353-82F8-458F-B501-A93FDCCF2F02}.Release|Any CPU.ActiveCfg = Release|Any CPU
		{466AE353-82F8-458F-B501-A93FDCCF2F02}.Release|Any CPU.Build.0 = Release|Any CPU
		{2428582E-605E-4D65-9A76-4BCB2BC96624}.Debug|Any CPU.ActiveCfg = Debug|Any CPU
		{2428582E-605E-4D65-9A76-4BCB2BC96624}.Debug|Any CPU.Build.0 = Debug|Any CPU
		{2428582E-605E-4D65-9A76-4BCB2BC96624}.Release|Any CPU.ActiveCfg = Release|Any CPU
		{2428582E-605E-4D65-9A76-4BCB2BC96624}.Release|Any CPU.Build.0 = Release|Any CPU
		{36F1A869-4585-4B1B-A96D-0623AED3255F}.Debug|Any CPU.ActiveCfg = Debug|Any CPU
		{36F1A869-4585-4B1B-A96D-0623AED3255F}.Debug|Any CPU.Build.0 = Debug|Any CPU
		{36F1A869-4585-4B1B-A96D-0623AED3255F}.Release|Any CPU.ActiveCfg = Release|Any CPU
		{36F1A869-4585-4B1B-A96D-0623AED3255F}.Release|Any CPU.Build.0 = Release|Any CPU
		{44F97D3C-2E3F-4085-A076-1AB30645BB91}.Debug|Any CPU.ActiveCfg = Debug|Any CPU
		{44F97D3C-2E3F-4085-A076-1AB30645BB91}.Debug|Any CPU.Build.0 = Debug|Any CPU
		{44F97D3C-2E3F-4085-A076-1AB30645BB91}.Release|Any CPU.ActiveCfg = Release|Any CPU
		{44F97D3C-2E3F-4085-A076-1AB30645BB91}.Release|Any CPU.Build.0 = Release|Any CPU
		{A247C99A-B5F7-4691-A9B9-D7DD1EA35CD0}.Debug|Any CPU.ActiveCfg = Debug|Any CPU
		{A247C99A-B5F7-4691-A9B9-D7DD1EA35CD0}.Debug|Any CPU.Build.0 = Debug|Any CPU
		{A247C99A-B5F7-4691-A9B9-D7DD1EA35CD0}.Release|Any CPU.ActiveCfg = Release|Any CPU
		{A247C99A-B5F7-4691-A9B9-D7DD1EA35CD0}.Release|Any CPU.Build.0 = Release|Any CPU
		{7936CBE0-702B-4F75-8DCA-F0EEB56C9200}.Debug|Any CPU.ActiveCfg = Debug|Any CPU
		{7936CBE0-702B-4F75-8DCA-F0EEB56C9200}.Debug|Any CPU.Build.0 = Debug|Any CPU
		{7936CBE0-702B-4F75-8DCA-F0EEB56C9200}.Release|Any CPU.ActiveCfg = Release|Any CPU
		{7936CBE0-702B-4F75-8DCA-F0EEB56C9200}.Release|Any CPU.Build.0 = Release|Any CPU
		{0C03D368-BA9C-4925-8E8C-E1D2A32F0BA6}.Debug|Any CPU.ActiveCfg = Debug|Any CPU
		{0C03D368-BA9C-4925-8E8C-E1D2A32F0BA6}.Debug|Any CPU.Build.0 = Debug|Any CPU
		{0C03D368-BA9C-4925-8E8C-E1D2A32F0BA6}.Release|Any CPU.ActiveCfg = Release|Any CPU
		{0C03D368-BA9C-4925-8E8C-E1D2A32F0BA6}.Release|Any CPU.Build.0 = Release|Any CPU
		{CE0D5181-7A24-4019-92B6-0BEE1511858D}.Debug|Any CPU.ActiveCfg = Debug|Any CPU
		{CE0D5181-7A24-4019-92B6-0BEE1511858D}.Debug|Any CPU.Build.0 = Debug|Any CPU
		{CE0D5181-7A24-4019-92B6-0BEE1511858D}.Release|Any CPU.ActiveCfg = Release|Any CPU
		{CE0D5181-7A24-4019-92B6-0BEE1511858D}.Release|Any CPU.Build.0 = Release|Any CPU
	EndGlobalSection
	GlobalSection(SolutionProperties) = preSolution
		HideSolutionNode = FALSE
	EndGlobalSection
	GlobalSection(ExtensibilityGlobals) = postSolution
		SolutionGuid = {BED0820A-C2DD-488D-9176-2F2C5B919AAD}
	EndGlobalSection
EndGlobal
